[[package]]
category = "main"
description = "Disable App Nap on OS X 10.9"
name = "appnope"
optional = false
python-versions = "*"
version = "0.1.0"

[[package]]
category = "main"
description = "ASGI specs, helper code, and adapters"
name = "asgiref"
optional = false
python-versions = ">=3.5"
version = "3.2.10"

[package.extras]
tests = ["pytest", "pytest-asyncio"]

[[package]]
category = "main"
description = "Classes Without Boilerplate"
name = "attrs"
optional = false
python-versions = ">=2.7, !=3.0.*, !=3.1.*, !=3.2.*, !=3.3.*"
version = "19.3.0"

[package.extras]
azure-pipelines = ["coverage", "hypothesis", "pympler", "pytest (>=4.3.0)", "six", "zope.interface", "pytest-azurepipelines"]
dev = ["coverage", "hypothesis", "pympler", "pytest (>=4.3.0)", "six", "zope.interface", "sphinx", "pre-commit"]
docs = ["sphinx", "zope.interface"]
tests = ["coverage", "hypothesis", "pympler", "pytest (>=4.3.0)", "six", "zope.interface"]

[[package]]
category = "main"
description = "Self-service finite-state machines for the programmer on the go."
name = "automat"
optional = false
python-versions = "*"
version = "20.2.0"

[package.dependencies]
attrs = ">=19.2.0"
six = "*"

[package.extras]
visualize = ["graphviz (>0.5.1)", "Twisted (>=16.1.1)"]

[[package]]
category = "main"
description = "Specifications for callback functions passed in to an API"
name = "backcall"
optional = false
python-versions = "*"
version = "0.2.0"

[[package]]
category = "main"
description = "Foreign Function Interface for Python calling C code."
name = "cffi"
optional = false
python-versions = "*"
version = "1.14.1"

[package.dependencies]
pycparser = "*"

[[package]]
category = "main"
description = "Cross-platform colored terminal text."
name = "colorama"
optional = false
python-versions = ">=2.7, !=3.0.*, !=3.1.*, !=3.2.*, !=3.3.*, !=3.4.*"
version = "0.4.3"

[[package]]
category = "main"
description = "Symbolic constants in Python"
name = "constantly"
optional = false
python-versions = "*"
version = "15.1.0"

[[package]]
category = "main"
description = "cryptography is a package which provides cryptographic recipes and primitives to Python developers."
name = "cryptography"
optional = false
python-versions = ">=2.7,!=3.0.*,!=3.1.*,!=3.2.*,!=3.3.*,!=3.4.*"
version = "3.0"

[package.dependencies]
cffi = ">=1.8,<1.11.3 || >1.11.3"
six = ">=1.4.1"

[package.extras]
docs = ["sphinx (>=1.6.5,<1.8.0 || >1.8.0,<3.1.0 || >3.1.0,<3.1.1 || >3.1.1)", "sphinx-rtd-theme"]
docstest = ["doc8", "pyenchant (>=1.6.11)", "twine (>=1.12.0)", "sphinxcontrib-spelling (>=4.0.1)"]
idna = ["idna (>=2.1)"]
pep8test = ["black", "flake8", "flake8-import-order", "pep8-naming"]
ssh = ["bcrypt (>=3.1.5)"]
test = ["pytest (>=3.6.0,<3.9.0 || >3.9.0,<3.9.1 || >3.9.1,<3.9.2 || >3.9.2)", "pretend", "iso8601", "pytz", "hypothesis (>=1.11.4,<3.79.2 || >3.79.2)"]

[[package]]
category = "main"
description = "cssselect parses CSS3 Selectors and translates them to XPath 1.0"
name = "cssselect"
optional = false
python-versions = ">=2.7, !=3.0.*, !=3.1.*, !=3.2.*, !=3.3.*"
version = "1.1.0"

[[package]]
category = "main"
description = "Decorators for Humans"
name = "decorator"
optional = false
python-versions = ">=2.6, !=3.0.*, !=3.1.*"
version = "4.4.2"

[[package]]
category = "main"
description = "A high-level Python Web framework that encourages rapid development and clean, pragmatic design."
name = "django"
optional = false
python-versions = ">=3.6"
version = "3.1"

[package.dependencies]
pytz = "*"
sqlparse = ">=0.2.2"

[package.extras]
argon2 = ["argon2-cffi (>=16.1.0)"]
bcrypt = ["bcrypt"]

[[package]]
category = "main"
description = "Django-filter is a reusable Django application for allowing users to filter querysets dynamically."
name = "django-filter"
optional = false
python-versions = ">=3.5"
version = "2.3.0"

[package.dependencies]
Django = ">=2.2"

[[package]]
category = "main"
description = "Web APIs for Django, made easy."
name = "djangorestframework"
optional = false
python-versions = ">=3.5"
version = "3.11.1"

[package.dependencies]
django = ">=1.11"

[[package]]
category = "main"
description = "A featureful, immutable, and correct URL for Python."
name = "hyperlink"
optional = false
python-versions = "*"
version = "19.0.0"

[package.dependencies]
idna = ">=2.5"

[[package]]
category = "main"
description = "Internationalized Domain Names in Applications (IDNA)"
name = "idna"
optional = false
python-versions = ">=2.7, !=3.0.*, !=3.1.*, !=3.2.*, !=3.3.*"
version = "2.10"

[[package]]
category = "main"
description = ""
name = "incremental"
optional = false
python-versions = "*"
version = "17.5.0"

[package.extras]
scripts = ["click (>=6.0)", "twisted (>=16.4.0)"]

[[package]]
category = "main"
description = "IPython: Productive Interactive Computing"
name = "ipython"
optional = false
python-versions = ">=3.6"
version = "7.16.1"

[package.dependencies]
backcall = "*"
decorator = "*"
jedi = ">=0.10"
pickleshare = "*"
prompt-toolkit = ">=2.0.0,<3.0.0 || >3.0.0,<3.0.1 || >3.0.1,<3.1.0"
pygments = "*"
traitlets = ">=4.2"
appnope = {version = "*", markers = "sys_platform == \"darwin\""}
colorama = {version = "*", markers = "sys_platform == \"win32\""}
pexpect = {version = "*", markers = "sys_platform != \"win32\""}

[package.extras]
all = ["Sphinx (>=1.3)", "ipykernel", "ipyparallel", "ipywidgets", "nbconvert", "nbformat", "nose (>=0.10.1)", "notebook", "numpy (>=1.14)", "pygments", "qtconsole", "requests", "testpath"]
doc = ["Sphinx (>=1.3)"]
kernel = ["ipykernel"]
nbconvert = ["nbconvert"]
nbformat = ["nbformat"]
notebook = ["notebook", "ipywidgets"]
parallel = ["ipyparallel"]
qtconsole = ["qtconsole"]
test = ["nose (>=0.10.1)", "requests", "testpath", "pygments", "nbformat", "ipykernel", "numpy (>=1.14)"]

[[package]]
category = "main"
description = "Vestigial utilities from IPython"
name = "ipython-genutils"
optional = false
python-versions = "*"
version = "0.2.0"

[[package]]
category = "main"
description = "Common interface for data container classes"
name = "itemadapter"
optional = false
python-versions = "*"
version = "0.1.0"

[[package]]
category = "main"
description = "An autocompletion tool for Python that can be used for text editors."
name = "jedi"
optional = false
python-versions = ">=2.7, !=3.0.*, !=3.1.*, !=3.2.*, !=3.3.*, !=3.4.*"
version = "0.17.2"

[package.dependencies]
parso = ">=0.7.0,<0.8.0"

[package.extras]
qa = ["flake8 (3.7.9)"]
testing = ["Django (<3.1)", "colorama", "docopt", "pytest (>=3.9.0,<5.0.0)"]

[[package]]
category = "main"
description = "Powerful and Pythonic XML processing library combining libxml2/libxslt with the ElementTree API."
name = "lxml"
optional = false
python-versions = ">=2.7, !=3.0.*, !=3.1.*, !=3.2.*, !=3.3.*, != 3.4.*"
version = "4.5.2"

[package.extras]
cssselect = ["cssselect (>=0.7)"]
html5 = ["html5lib"]
htmlsoup = ["beautifulsoup4"]
source = ["Cython (>=0.29.7)"]

[[package]]
category = "main"
description = "Parsel is a library to extract data from HTML and XML using XPath and CSS selectors"
name = "parsel"
optional = false
python-versions = "*"
version = "1.6.0"

[package.dependencies]
cssselect = ">=0.9"
lxml = "*"
six = ">=1.6.0"
w3lib = ">=1.19.0"

[[package]]
category = "main"
description = "A Python Parser"
name = "parso"
optional = false
python-versions = ">=2.7, !=3.0.*, !=3.1.*, !=3.2.*, !=3.3.*"
version = "0.7.1"

[package.extras]
testing = ["docopt", "pytest (>=3.0.7)"]

[[package]]
category = "main"
description = "Pexpect allows easy control of interactive console applications."
name = "pexpect"
optional = false
python-versions = "*"
version = "4.8.0"

[package.dependencies]
ptyprocess = ">=0.5"

[[package]]
category = "main"
description = "Tiny 'shelve'-like database with concurrency support"
name = "pickleshare"
optional = false
python-versions = "*"
version = "0.7.5"

[[package]]
category = "main"
description = "Library for building powerful interactive command lines in Python"
name = "prompt-toolkit"
optional = false
python-versions = ">=3.6.1"
version = "3.0.5"

[package.dependencies]
wcwidth = "*"

[[package]]
category = "main"
description = "Pure-Python robots.txt parser with support for modern conventions"
name = "protego"
optional = false
python-versions = ">=2.7, !=3.0.*, !=3.1.*, !=3.2.*, !=3.3.*, !=3.4.*"
version = "0.1.16"

[package.dependencies]
six = "*"

[[package]]
category = "main"
description = "Run a subprocess in a pseudo terminal"
name = "ptyprocess"
optional = false
python-versions = "*"
version = "0.6.0"

[[package]]
category = "main"
description = "ASN.1 types and codecs"
name = "pyasn1"
optional = false
python-versions = "*"
version = "0.4.8"

[[package]]
category = "main"
description = "A collection of ASN.1-based protocols modules."
name = "pyasn1-modules"
optional = false
python-versions = "*"
version = "0.2.8"

[package.dependencies]
pyasn1 = ">=0.4.6,<0.5.0"

[[package]]
category = "main"
description = "C parser in Python"
name = "pycparser"
optional = false
python-versions = ">=2.7, !=3.0.*, !=3.1.*, !=3.2.*, !=3.3.*"
version = "2.20"

[[package]]
category = "main"
description = "Multi-producer-multi-consumer signal dispatching mechanism"
name = "pydispatcher"
optional = false
python-versions = "*"
version = "2.0.5"

[[package]]
category = "main"
description = "Pygments is a syntax highlighting package written in Python."
name = "pygments"
optional = false
python-versions = ">=3.5"
version = "2.6.1"

[[package]]
category = "main"
description = "Hamcrest framework for matcher objects"
name = "pyhamcrest"
optional = false
python-versions = ">=3.5"
version = "2.0.2"

[[package]]
category = "main"
description = "Python wrapper module around the OpenSSL library"
name = "pyopenssl"
optional = false
python-versions = "*"
version = "19.1.0"

[package.dependencies]
cryptography = ">=2.8"
six = ">=1.5.2"

[package.extras]
docs = ["sphinx", "sphinx-rtd-theme"]
test = ["flaky", "pretend", "pytest (>=3.0.1)"]

[[package]]
category = "main"
description = "Multi-producer-multi-consumer signal dispatching mechanism"
name = "pypydispatcher"
optional = false
python-versions = "*"
version = "2.1.2"

[[package]]
category = "main"
description = "World timezone definitions, modern and historical"
name = "pytz"
optional = false
python-versions = "*"
version = "2020.1"

[[package]]
category = "main"
description = "Collection of persistent (disk-based) queues"
name = "queuelib"
optional = false
python-versions = "*"
version = "1.5.0"

[[package]]
category = "main"
description = "A high-level Web Crawling and Web Scraping framework"
name = "scrapy"
optional = false
python-versions = ">=3.5.2"
version = "2.2.1"

[package.dependencies]
PyDispatcher = ">=2.0.5"
Twisted = ">=17.9.0"
cryptography = ">=2.0"
cssselect = ">=0.9.1"
itemadapter = ">=0.1.0"
lxml = ">=3.5.0"
parsel = ">=1.5.0"
protego = ">=0.1.15"
pyOpenSSL = ">=16.2.0"
queuelib = ">=1.4.2"
service-identity = ">=16.0.0"
w3lib = ">=1.17.0"
"zope.interface" = ">=4.1.3"
PyPyDispatcher = {version = ">=2.1.0", markers = "platform_python_implementation == \"PyPy\""}

[[package]]
category = "main"
description = "Service identity verification for pyOpenSSL & cryptography."
name = "service-identity"
optional = false
python-versions = "*"
version = "18.1.0"

[package.dependencies]
attrs = ">=16.0.0"
cryptography = "*"
pyasn1 = "*"
pyasn1-modules = "*"

[package.extras]
dev = ["coverage (>=4.2.0)", "pytest", "sphinx", "idna", "pyopenssl"]
docs = ["sphinx"]
idna = ["idna"]
tests = ["coverage (>=4.2.0)", "pytest"]

[[package]]
category = "main"
description = "Python 2 and 3 compatibility utilities"
name = "six"
optional = false
python-versions = ">=2.7, !=3.0.*, !=3.1.*, !=3.2.*"
version = "1.15.0"

[[package]]
category = "main"
description = "Non-validating SQL parser"
name = "sqlparse"
optional = false
python-versions = ">=2.7, !=3.0.*, !=3.1.*, !=3.2.*, !=3.3.*"
version = "0.3.1"

[[package]]
category = "main"
description = "Traitlets Python config system"
name = "traitlets"
optional = false
python-versions = "*"
version = "4.3.3"

[package.dependencies]
decorator = "*"
ipython-genutils = "*"
six = "*"

[package.extras]
test = ["pytest", "mock"]

[[package]]
category = "main"
description = "An asynchronous networking framework written in Python"
name = "twisted"
optional = false
python-versions = ">=2.7,!=3.0.*,!=3.1.*,!=3.2.*,!=3.3.*,!=3.4.*"
version = "20.3.0"

[package.dependencies]
Automat = ">=0.3.0"
PyHamcrest = ">=1.9.0,<1.10.0 || >1.10.0"
attrs = ">=19.2.0"
constantly = ">=15.1"
hyperlink = ">=17.1.1"
incremental = ">=16.10.1"
"zope.interface" = ">=4.4.2"

[package.extras]
all_non_platform = ["pyopenssl (>=16.0.0)", "service_identity (>=18.1.0)", "idna (>=0.6,<2.3 || >2.3)", "pyasn1", "cryptography (>=2.5)", "appdirs (>=1.4.0)", "bcrypt (>=3.0.0)", "soappy", "pyserial (>=3.0)", "h2 (>=3.0,<4.0)", "priority (>=1.1.0,<2.0)", "pywin32 (!=226)"]
conch = ["pyasn1", "cryptography (>=2.5)", "appdirs (>=1.4.0)", "bcrypt (>=3.0.0)"]
dev = ["pyflakes (>=1.0.0)", "twisted-dev-tools (>=0.0.2)", "python-subunit", "sphinx (>=1.3.1)", "towncrier (>=17.4.0)"]
http2 = ["h2 (>=3.0,<4.0)", "priority (>=1.1.0,<2.0)"]
macos_platform = ["pyobjc-core", "pyobjc-framework-cfnetwork", "pyobjc-framework-cocoa", "pyopenssl (>=16.0.0)", "service_identity (>=18.1.0)", "idna (>=0.6,<2.3 || >2.3)", "pyasn1", "cryptography (>=2.5)", "appdirs (>=1.4.0)", "bcrypt (>=3.0.0)", "soappy", "pyserial (>=3.0)", "h2 (>=3.0,<4.0)", "priority (>=1.1.0,<2.0)", "pywin32 (!=226)"]
osx_platform = ["pyobjc-core", "pyobjc-framework-cfnetwork", "pyobjc-framework-cocoa", "pyopenssl (>=16.0.0)", "service_identity (>=18.1.0)", "idna (>=0.6,<2.3 || >2.3)", "pyasn1", "cryptography (>=2.5)", "appdirs (>=1.4.0)", "bcrypt (>=3.0.0)", "soappy", "pyserial (>=3.0)", "h2 (>=3.0,<4.0)", "priority (>=1.1.0,<2.0)", "pywin32 (!=226)"]
serial = ["pyserial (>=3.0)", "pywin32 (!=226)"]
soap = ["soappy"]
tls = ["pyopenssl (>=16.0.0)", "service_identity (>=18.1.0)", "idna (>=0.6,<2.3 || >2.3)"]
windows_platform = ["pywin32 (!=226)", "pyopenssl (>=16.0.0)", "service_identity (>=18.1.0)", "idna (>=0.6,<2.3 || >2.3)", "pyasn1", "cryptography (>=2.5)", "appdirs (>=1.4.0)", "bcrypt (>=3.0.0)", "soappy", "pyserial (>=3.0)", "h2 (>=3.0,<4.0)", "priority (>=1.1.0,<2.0)", "pywin32 (!=226)"]

[[package]]
category = "main"
description = "Library of web-related functions"
name = "w3lib"
optional = false
python-versions = "*"
version = "1.22.0"

[package.dependencies]
six = ">=1.4.1"

[[package]]
category = "main"
description = "Measures the displayed width of unicode strings in a terminal"
name = "wcwidth"
optional = false
python-versions = "*"
version = "0.2.5"

[[package]]
category = "main"
description = "Interfaces for Python"
name = "zope.interface"
optional = false
python-versions = ">=2.7, !=3.0.*, !=3.1.*, !=3.2.*, !=3.3.*, !=3.4.*"
version = "5.1.0"

[package.extras]
docs = ["sphinx", "repoze.sphinx.autointerface"]
test = ["coverage (>=5.0.3)", "zope.event", "zope.testing"]
testing = ["coverage (>=5.0.3)", "zope.event", "zope.testing"]

[metadata]
content-hash = "f014e506910b513f36f8fb56e738a9f67e32e47e006100d9149340106e8bdc13"
lock-version = "1.1"
python-versions = "^3.8"

[metadata.files]
appnope = [
    {file = "appnope-0.1.0-py2.py3-none-any.whl", hash = "sha256:5b26757dc6f79a3b7dc9fab95359328d5747fcb2409d331ea66d0272b90ab2a0"},
    {file = "appnope-0.1.0.tar.gz", hash = "sha256:8b995ffe925347a2138d7ac0fe77155e4311a0ea6d6da4f5128fe4b3cbe5ed71"},
]
asgiref = [
    {file = "asgiref-3.2.10-py3-none-any.whl", hash = "sha256:9fc6fb5d39b8af147ba40765234fa822b39818b12cc80b35ad9b0cef3a476aed"},
    {file = "asgiref-3.2.10.tar.gz", hash = "sha256:7e51911ee147dd685c3c8b805c0ad0cb58d360987b56953878f8c06d2d1c6f1a"},
]
attrs = [
    {file = "attrs-19.3.0-py2.py3-none-any.whl", hash = "sha256:08a96c641c3a74e44eb59afb61a24f2cb9f4d7188748e76ba4bb5edfa3cb7d1c"},
    {file = "attrs-19.3.0.tar.gz", hash = "sha256:f7b7ce16570fe9965acd6d30101a28f62fb4a7f9e926b3bbc9b61f8b04247e72"},
]
automat = [
    {file = "Automat-20.2.0-py2.py3-none-any.whl", hash = "sha256:b6feb6455337df834f6c9962d6ccf771515b7d939bca142b29c20c2376bc6111"},
    {file = "Automat-20.2.0.tar.gz", hash = "sha256:7979803c74610e11ef0c0d68a2942b152df52da55336e0c9d58daf1831cbdf33"},
]
backcall = [
    {file = "backcall-0.2.0-py2.py3-none-any.whl", hash = "sha256:fbbce6a29f263178a1f7915c1940bde0ec2b2a967566fe1c65c1dfb7422bd255"},
    {file = "backcall-0.2.0.tar.gz", hash = "sha256:5cbdbf27be5e7cfadb448baf0aa95508f91f2bbc6c6437cd9cd06e2a4c215e1e"},
]
cffi = [
    {file = "cffi-1.14.1-cp27-cp27m-macosx_10_9_x86_64.whl", hash = "sha256:66dd45eb9530e3dde8f7c009f84568bc7cac489b93d04ac86e3111fb46e470c2"},
    {file = "cffi-1.14.1-cp27-cp27m-manylinux1_i686.whl", hash = "sha256:4f53e4128c81ca3212ff4cf097c797ab44646a40b42ec02a891155cd7a2ba4d8"},
    {file = "cffi-1.14.1-cp27-cp27m-manylinux1_x86_64.whl", hash = "sha256:833401b15de1bb92791d7b6fb353d4af60dc688eaa521bd97203dcd2d124a7c1"},
    {file = "cffi-1.14.1-cp27-cp27m-win32.whl", hash = "sha256:26f33e8f6a70c255767e3c3f957ccafc7f1f706b966e110b855bfe944511f1f9"},
    {file = "cffi-1.14.1-cp27-cp27m-win_amd64.whl", hash = "sha256:b87dfa9f10a470eee7f24234a37d1d5f51e5f5fa9eeffda7c282e2b8f5162eb1"},
    {file = "cffi-1.14.1-cp27-cp27mu-manylinux1_i686.whl", hash = "sha256:effd2ba52cee4ceff1a77f20d2a9f9bf8d50353c854a282b8760ac15b9833168"},
    {file = "cffi-1.14.1-cp27-cp27mu-manylinux1_x86_64.whl", hash = "sha256:bac0d6f7728a9cc3c1e06d4fcbac12aaa70e9379b3025b27ec1226f0e2d404cf"},
    {file = "cffi-1.14.1-cp35-cp35m-macosx_10_9_x86_64.whl", hash = "sha256:d6033b4ffa34ef70f0b8086fd4c3df4bf801fee485a8a7d4519399818351aa8e"},
    {file = "cffi-1.14.1-cp35-cp35m-manylinux1_i686.whl", hash = "sha256:8416ed88ddc057bab0526d4e4e9f3660f614ac2394b5e019a628cdfff3733849"},
    {file = "cffi-1.14.1-cp35-cp35m-manylinux1_x86_64.whl", hash = "sha256:892daa86384994fdf4856cb43c93f40cbe80f7f95bb5da94971b39c7f54b3a9c"},
    {file = "cffi-1.14.1-cp35-cp35m-win32.whl", hash = "sha256:c991112622baee0ae4d55c008380c32ecfd0ad417bcd0417ba432e6ba7328caa"},
    {file = "cffi-1.14.1-cp35-cp35m-win_amd64.whl", hash = "sha256:fcf32bf76dc25e30ed793145a57426064520890d7c02866eb93d3e4abe516948"},
    {file = "cffi-1.14.1-cp36-cp36m-macosx_10_9_x86_64.whl", hash = "sha256:f960375e9823ae6a07072ff7f8a85954e5a6434f97869f50d0e41649a1c8144f"},
    {file = "cffi-1.14.1-cp36-cp36m-manylinux1_i686.whl", hash = "sha256:a6d28e7f14ecf3b2ad67c4f106841218c8ab12a0683b1528534a6c87d2307af3"},
    {file = "cffi-1.14.1-cp36-cp36m-manylinux1_x86_64.whl", hash = "sha256:cda422d54ee7905bfc53ee6915ab68fe7b230cacf581110df4272ee10462aadc"},
    {file = "cffi-1.14.1-cp36-cp36m-win32.whl", hash = "sha256:4a03416915b82b81af5502459a8a9dd62a3c299b295dcdf470877cb948d655f2"},
    {file = "cffi-1.14.1-cp36-cp36m-win_amd64.whl", hash = "sha256:4ce1e995aeecf7cc32380bc11598bfdfa017d592259d5da00fc7ded11e61d022"},
    {file = "cffi-1.14.1-cp37-cp37m-macosx_10_9_x86_64.whl", hash = "sha256:e23cb7f1d8e0f93addf0cae3c5b6f00324cccb4a7949ee558d7b6ca973ab8ae9"},
    {file = "cffi-1.14.1-cp37-cp37m-manylinux1_i686.whl", hash = "sha256:ddff0b2bd7edcc8c82d1adde6dbbf5e60d57ce985402541cd2985c27f7bec2a0"},
    {file = "cffi-1.14.1-cp37-cp37m-manylinux1_x86_64.whl", hash = "sha256:f90c2267101010de42f7273c94a1f026e56cbc043f9330acd8a80e64300aba33"},
    {file = "cffi-1.14.1-cp37-cp37m-win32.whl", hash = "sha256:3cd2c044517f38d1b577f05927fb9729d3396f1d44d0c659a445599e79519792"},
    {file = "cffi-1.14.1-cp37-cp37m-win_amd64.whl", hash = "sha256:4fa72a52a906425416f41738728268072d5acfd48cbe7796af07a923236bcf96"},
    {file = "cffi-1.14.1-cp38-cp38-macosx_10_9_x86_64.whl", hash = "sha256:267adcf6e68d77ba154334a3e4fc921b8e63cbb38ca00d33d40655d4228502bc"},
    {file = "cffi-1.14.1-cp38-cp38-manylinux1_i686.whl", hash = "sha256:d3148b6ba3923c5850ea197a91a42683f946dba7e8eb82dfa211ab7e708de939"},
    {file = "cffi-1.14.1-cp38-cp38-manylinux1_x86_64.whl", hash = "sha256:98be759efdb5e5fa161e46d404f4e0ce388e72fbf7d9baf010aff16689e22abe"},
    {file = "cffi-1.14.1-cp38-cp38-win32.whl", hash = "sha256:6923d077d9ae9e8bacbdb1c07ae78405a9306c8fd1af13bfa06ca891095eb995"},
    {file = "cffi-1.14.1-cp38-cp38-win_amd64.whl", hash = "sha256:b1d6ebc891607e71fd9da71688fcf332a6630b7f5b7f5549e6e631821c0e5d90"},
    {file = "cffi-1.14.1.tar.gz", hash = "sha256:b2a2b0d276a136146e012154baefaea2758ef1f56ae9f4e01c612b0831e0bd2f"},
]
colorama = [
    {file = "colorama-0.4.3-py2.py3-none-any.whl", hash = "sha256:7d73d2a99753107a36ac6b455ee49046802e59d9d076ef8e47b61499fa29afff"},
    {file = "colorama-0.4.3.tar.gz", hash = "sha256:e96da0d330793e2cb9485e9ddfd918d456036c7149416295932478192f4436a1"},
]
constantly = [
    {file = "constantly-15.1.0-py2.py3-none-any.whl", hash = "sha256:dd2fa9d6b1a51a83f0d7dd76293d734046aa176e384bf6e33b7e44880eb37c5d"},
    {file = "constantly-15.1.0.tar.gz", hash = "sha256:586372eb92059873e29eba4f9dec8381541b4d3834660707faf8ba59146dfc35"},
]
cryptography = [
    {file = "cryptography-3.0-cp27-cp27m-macosx_10_10_x86_64.whl", hash = "sha256:ab49edd5bea8d8b39a44b3db618e4783ef84c19c8b47286bf05dfdb3efb01c83"},
    {file = "cryptography-3.0-cp27-cp27m-manylinux1_x86_64.whl", hash = "sha256:124af7255ffc8e964d9ff26971b3a6153e1a8a220b9a685dc407976ecb27a06a"},
    {file = "cryptography-3.0-cp27-cp27m-manylinux2010_x86_64.whl", hash = "sha256:51e40123083d2f946794f9fe4adeeee2922b581fa3602128ce85ff813d85b81f"},
    {file = "cryptography-3.0-cp27-cp27m-win32.whl", hash = "sha256:dea0ba7fe6f9461d244679efa968d215ea1f989b9c1957d7f10c21e5c7c09ad6"},
    {file = "cryptography-3.0-cp27-cp27m-win_amd64.whl", hash = "sha256:8ecf9400d0893836ff41b6f977a33972145a855b6efeb605b49ee273c5e6469f"},
    {file = "cryptography-3.0-cp27-cp27mu-manylinux1_x86_64.whl", hash = "sha256:0c608ff4d4adad9e39b5057de43657515c7da1ccb1807c3a27d4cf31fc923b4b"},
    {file = "cryptography-3.0-cp27-cp27mu-manylinux2010_x86_64.whl", hash = "sha256:bec7568c6970b865f2bcebbe84d547c52bb2abadf74cefce396ba07571109c67"},
    {file = "cryptography-3.0-cp35-abi3-macosx_10_10_x86_64.whl", hash = "sha256:0cbfed8ea74631fe4de00630f4bb592dad564d57f73150d6f6796a24e76c76cd"},
    {file = "cryptography-3.0-cp35-abi3-manylinux1_x86_64.whl", hash = "sha256:a09fd9c1cca9a46b6ad4bea0a1f86ab1de3c0c932364dbcf9a6c2a5eeb44fa77"},
    {file = "cryptography-3.0-cp35-abi3-manylinux2010_x86_64.whl", hash = "sha256:ce82cc06588e5cbc2a7df3c8a9c778f2cb722f56835a23a68b5a7264726bb00c"},
    {file = "cryptography-3.0-cp35-cp35m-win32.whl", hash = "sha256:9367d00e14dee8d02134c6c9524bb4bd39d4c162456343d07191e2a0b5ec8b3b"},
    {file = "cryptography-3.0-cp35-cp35m-win_amd64.whl", hash = "sha256:384d7c681b1ab904fff3400a6909261cae1d0939cc483a68bdedab282fb89a07"},
    {file = "cryptography-3.0-cp36-cp36m-win32.whl", hash = "sha256:4d355f2aee4a29063c10164b032d9fa8a82e2c30768737a2fd56d256146ad559"},
    {file = "cryptography-3.0-cp36-cp36m-win_amd64.whl", hash = "sha256:45741f5499150593178fc98d2c1a9c6722df88b99c821ad6ae298eff0ba1ae71"},
    {file = "cryptography-3.0-cp37-cp37m-win32.whl", hash = "sha256:8ecef21ac982aa78309bb6f092d1677812927e8b5ef204a10c326fc29f1367e2"},
    {file = "cryptography-3.0-cp37-cp37m-win_amd64.whl", hash = "sha256:4b9303507254ccb1181d1803a2080a798910ba89b1a3c9f53639885c90f7a756"},
    {file = "cryptography-3.0-cp38-cp38-win32.whl", hash = "sha256:8713ddb888119b0d2a1462357d5946b8911be01ddbf31451e1d07eaa5077a261"},
    {file = "cryptography-3.0-cp38-cp38-win_amd64.whl", hash = "sha256:bea0b0468f89cdea625bb3f692cd7a4222d80a6bdafd6fb923963f2b9da0e15f"},
    {file = "cryptography-3.0.tar.gz", hash = "sha256:8e924dbc025206e97756e8903039662aa58aa9ba357d8e1d8fc29e3092322053"},
]
cssselect = [
    {file = "cssselect-1.1.0-py2.py3-none-any.whl", hash = "sha256:f612ee47b749c877ebae5bb77035d8f4202c6ad0f0fc1271b3c18ad6c4468ecf"},
    {file = "cssselect-1.1.0.tar.gz", hash = "sha256:f95f8dedd925fd8f54edb3d2dfb44c190d9d18512377d3c1e2388d16126879bc"},
]
decorator = [
    {file = "decorator-4.4.2-py2.py3-none-any.whl", hash = "sha256:41fa54c2a0cc4ba648be4fd43cff00aedf5b9465c9bf18d64325bc225f08f760"},
    {file = "decorator-4.4.2.tar.gz", hash = "sha256:e3a62f0520172440ca0dcc823749319382e377f37f140a0b99ef45fecb84bfe7"},
]
django = [
    {file = "Django-3.1-py3-none-any.whl", hash = "sha256:1a63f5bb6ff4d7c42f62a519edc2adbb37f9b78068a5a862beff858b68e3dc8b"},
    {file = "Django-3.1.tar.gz", hash = "sha256:2d390268a13c655c97e0e2ede9d117007996db692c1bb93eabebd4fb7ea7012b"},
]
django-filter = [
    {file = "django-filter-2.3.0.tar.gz", hash = "sha256:11e63dd759835d9ba7a763926ffb2662cf8a6dcb4c7971a95064de34dbc7e5af"},
    {file = "django_filter-2.3.0-py3-none-any.whl", hash = "sha256:616848eab6fc50193a1b3730140c49b60c57a3eda1f7fc57fa8505ac156c6c75"},
]
djangorestframework = [
    {file = "djangorestframework-3.11.1-py3-none-any.whl", hash = "sha256:8b1ac62c581dbc5799b03e535854b92fc4053ecfe74bad3f9c05782063d4196b"},
    {file = "djangorestframework-3.11.1.tar.gz", hash = "sha256:6dd02d5a4bd2516fb93f80360673bf540c3b6641fec8766b1da2870a5aa00b32"},
]
hyperlink = [
    {file = "hyperlink-19.0.0-py2.py3-none-any.whl", hash = "sha256:ab4a308feb039b04f855a020a6eda3b18ca5a68e6d8f8c899cbe9e653721d04f"},
    {file = "hyperlink-19.0.0.tar.gz", hash = "sha256:4288e34705da077fada1111a24a0aa08bb1e76699c9ce49876af722441845654"},
]
idna = [
    {file = "idna-2.10-py2.py3-none-any.whl", hash = "sha256:b97d804b1e9b523befed77c48dacec60e6dcb0b5391d57af6a65a312a90648c0"},
    {file = "idna-2.10.tar.gz", hash = "sha256:b307872f855b18632ce0c21c5e45be78c0ea7ae4c15c828c20788b26921eb3f6"},
]
incremental = [
    {file = "incremental-17.5.0-py2.py3-none-any.whl", hash = "sha256:717e12246dddf231a349175f48d74d93e2897244939173b01974ab6661406b9f"},
    {file = "incremental-17.5.0.tar.gz", hash = "sha256:7b751696aaf36eebfab537e458929e194460051ccad279c72b755a167eebd4b3"},
]
ipython = [
    {file = "ipython-7.16.1-py3-none-any.whl", hash = "sha256:2dbcc8c27ca7d3cfe4fcdff7f45b27f9a8d3edfa70ff8024a71c7a8eb5f09d64"},
    {file = "ipython-7.16.1.tar.gz", hash = "sha256:9f4fcb31d3b2c533333893b9172264e4821c1ac91839500f31bd43f2c59b3ccf"},
]
ipython-genutils = [
    {file = "ipython_genutils-0.2.0-py2.py3-none-any.whl", hash = "sha256:72dd37233799e619666c9f639a9da83c34013a73e8bbc79a7a6348d93c61fab8"},
    {file = "ipython_genutils-0.2.0.tar.gz", hash = "sha256:eb2e116e75ecef9d4d228fdc66af54269afa26ab4463042e33785b887c628ba8"},
]
itemadapter = [
    {file = "itemadapter-0.1.0-py3-none-any.whl", hash = "sha256:de3f6f567446122a48d496c10b5d830d7909f2399bc7ad51d61163c57967f480"},
    {file = "itemadapter-0.1.0.tar.gz", hash = "sha256:52159b4f97d82aa2968000ee8371b2114af56a2f44e4cd9142580d46eea39020"},
]
jedi = [
    {file = "jedi-0.17.2-py2.py3-none-any.whl", hash = "sha256:98cc583fa0f2f8304968199b01b6b4b94f469a1f4a74c1560506ca2a211378b5"},
    {file = "jedi-0.17.2.tar.gz", hash = "sha256:86ed7d9b750603e4ba582ea8edc678657fb4007894a12bcf6f4bb97892f31d20"},
]
lxml = [
    {file = "lxml-4.5.2-cp27-cp27m-macosx_10_9_x86_64.whl", hash = "sha256:74f48ec98430e06c1fa8949b49ebdd8d27ceb9df8d3d1c92e1fdc2773f003f20"},
    {file = "lxml-4.5.2-cp27-cp27m-manylinux1_i686.whl", hash = "sha256:e70d4e467e243455492f5de463b72151cc400710ac03a0678206a5f27e79ddef"},
    {file = "lxml-4.5.2-cp27-cp27m-manylinux1_x86_64.whl", hash = "sha256:7ad7906e098ccd30d8f7068030a0b16668ab8aa5cda6fcd5146d8d20cbaa71b5"},
    {file = "lxml-4.5.2-cp27-cp27m-win32.whl", hash = "sha256:92282c83547a9add85ad658143c76a64a8d339028926d7dc1998ca029c88ea6a"},
    {file = "lxml-4.5.2-cp27-cp27m-win_amd64.whl", hash = "sha256:05a444b207901a68a6526948c7cc8f9fe6d6f24c70781488e32fd74ff5996e3f"},
    {file = "lxml-4.5.2-cp27-cp27mu-manylinux1_i686.whl", hash = "sha256:94150231f1e90c9595ccc80d7d2006c61f90a5995db82bccbca7944fd457f0f6"},
    {file = "lxml-4.5.2-cp27-cp27mu-manylinux1_x86_64.whl", hash = "sha256:bea760a63ce9bba566c23f726d72b3c0250e2fa2569909e2d83cda1534c79443"},
    {file = "lxml-4.5.2-cp35-cp35m-manylinux1_i686.whl", hash = "sha256:c3f511a3c58676147c277eff0224c061dd5a6a8e1373572ac817ac6324f1b1e0"},
    {file = "lxml-4.5.2-cp35-cp35m-manylinux1_x86_64.whl", hash = "sha256:59daa84aef650b11bccd18f99f64bfe44b9f14a08a28259959d33676554065a1"},
    {file = "lxml-4.5.2-cp35-cp35m-manylinux2014_aarch64.whl", hash = "sha256:c9d317efde4bafbc1561509bfa8a23c5cab66c44d49ab5b63ff690f5159b2304"},
    {file = "lxml-4.5.2-cp35-cp35m-win32.whl", hash = "sha256:9dc9006dcc47e00a8a6a029eb035c8f696ad38e40a27d073a003d7d1443f5d88"},
    {file = "lxml-4.5.2-cp35-cp35m-win_amd64.whl", hash = "sha256:08fc93257dcfe9542c0a6883a25ba4971d78297f63d7a5a26ffa34861ca78730"},
    {file = "lxml-4.5.2-cp36-cp36m-macosx_10_9_x86_64.whl", hash = "sha256:121b665b04083a1e85ff1f5243d4a93aa1aaba281bc12ea334d5a187278ceaf1"},
    {file = "lxml-4.5.2-cp36-cp36m-manylinux1_i686.whl", hash = "sha256:5591c4164755778e29e69b86e425880f852464a21c7bb53c7ea453bbe2633bbe"},
    {file = "lxml-4.5.2-cp36-cp36m-manylinux1_x86_64.whl", hash = "sha256:cc411ad324a4486b142c41d9b2b6a722c534096963688d879ea6fa8a35028258"},
    {file = "lxml-4.5.2-cp36-cp36m-manylinux2014_aarch64.whl", hash = "sha256:1fa21263c3aba2b76fd7c45713d4428dbcc7644d73dcf0650e9d344e433741b3"},
    {file = "lxml-4.5.2-cp36-cp36m-win32.whl", hash = "sha256:786aad2aa20de3dbff21aab86b2fb6a7be68064cbbc0219bde414d3a30aa47ae"},
    {file = "lxml-4.5.2-cp36-cp36m-win_amd64.whl", hash = "sha256:e1cacf4796b20865789083252186ce9dc6cc59eca0c2e79cca332bdff24ac481"},
    {file = "lxml-4.5.2-cp37-cp37m-macosx_10_9_x86_64.whl", hash = "sha256:80a38b188d20c0524fe8959c8ce770a8fdf0e617c6912d23fc97c68301bb9aba"},
    {file = "lxml-4.5.2-cp37-cp37m-manylinux1_i686.whl", hash = "sha256:ecc930ae559ea8a43377e8b60ca6f8d61ac532fc57efb915d899de4a67928efd"},
    {file = "lxml-4.5.2-cp37-cp37m-manylinux1_x86_64.whl", hash = "sha256:a76979f728dd845655026ab991df25d26379a1a8fc1e9e68e25c7eda43004bed"},
    {file = "lxml-4.5.2-cp37-cp37m-manylinux2014_aarch64.whl", hash = "sha256:cfd7c5dd3c35c19cec59c63df9571c67c6d6e5c92e0fe63517920e97f61106d1"},
    {file = "lxml-4.5.2-cp37-cp37m-win32.whl", hash = "sha256:5a9c8d11aa2c8f8b6043d845927a51eb9102eb558e3f936df494e96393f5fd3e"},
    {file = "lxml-4.5.2-cp37-cp37m-win_amd64.whl", hash = "sha256:4b4a111bcf4b9c948e020fd207f915c24a6de3f1adc7682a2d92660eb4e84f1a"},
    {file = "lxml-4.5.2-cp38-cp38-macosx_10_9_x86_64.whl", hash = "sha256:5dd20538a60c4cc9a077d3b715bb42307239fcd25ef1ca7286775f95e9e9a46d"},
    {file = "lxml-4.5.2-cp38-cp38-manylinux1_i686.whl", hash = "sha256:2b30aa2bcff8e958cd85d907d5109820b01ac511eae5b460803430a7404e34d7"},
    {file = "lxml-4.5.2-cp38-cp38-manylinux1_x86_64.whl", hash = "sha256:aa8eba3db3d8761db161003e2d0586608092e217151d7458206e243be5a43843"},
    {file = "lxml-4.5.2-cp38-cp38-manylinux2014_aarch64.whl", hash = "sha256:8f0ec6b9b3832e0bd1d57af41f9238ea7709bbd7271f639024f2fc9d3bb01293"},
    {file = "lxml-4.5.2-cp38-cp38-win32.whl", hash = "sha256:107781b213cf7201ec3806555657ccda67b1fccc4261fb889ef7fc56976db81f"},
    {file = "lxml-4.5.2-cp38-cp38-win_amd64.whl", hash = "sha256:f161af26f596131b63b236372e4ce40f3167c1b5b5d459b29d2514bd8c9dc9ee"},
    {file = "lxml-4.5.2.tar.gz", hash = "sha256:cdc13a1682b2a6241080745b1953719e7fe0850b40a5c71ca574f090a1391df6"},
]
parsel = [
    {file = "parsel-1.6.0-py2.py3-none-any.whl", hash = "sha256:9e1fa8db1c0b4a878bf34b35c043d89c9d1cbebc23b4d34dbc3c0ec33f2e087d"},
    {file = "parsel-1.6.0.tar.gz", hash = "sha256:70efef0b651a996cceebc69e55a85eb2233be0890959203ba7c3a03c72725c79"},
]
parso = [
    {file = "parso-0.7.1-py2.py3-none-any.whl", hash = "sha256:97218d9159b2520ff45eb78028ba8b50d2bc61dcc062a9682666f2dc4bd331ea"},
    {file = "parso-0.7.1.tar.gz", hash = "sha256:caba44724b994a8a5e086460bb212abc5a8bc46951bf4a9a1210745953622eb9"},
]
pexpect = [
    {file = "pexpect-4.8.0-py2.py3-none-any.whl", hash = "sha256:0b48a55dcb3c05f3329815901ea4fc1537514d6ba867a152b581d69ae3710937"},
    {file = "pexpect-4.8.0.tar.gz", hash = "sha256:fc65a43959d153d0114afe13997d439c22823a27cefceb5ff35c2178c6784c0c"},
]
pickleshare = [
    {file = "pickleshare-0.7.5-py2.py3-none-any.whl", hash = "sha256:9649af414d74d4df115d5d718f82acb59c9d418196b7b4290ed47a12ce62df56"},
    {file = "pickleshare-0.7.5.tar.gz", hash = "sha256:87683d47965c1da65cdacaf31c8441d12b8044cdec9aca500cd78fc2c683afca"},
]
prompt-toolkit = [
    {file = "prompt_toolkit-3.0.5-py3-none-any.whl", hash = "sha256:df7e9e63aea609b1da3a65641ceaf5bc7d05e0a04de5bd45d05dbeffbabf9e04"},
    {file = "prompt_toolkit-3.0.5.tar.gz", hash = "sha256:563d1a4140b63ff9dd587bda9557cffb2fe73650205ab6f4383092fb882e7dc8"},
]
protego = [
    {file = "Protego-0.1.16.tar.gz", hash = "sha256:a682771bc7b51b2ff41466460896c1a5a653f9a1e71639ef365a72e66d8734b4"},
]
ptyprocess = [
    {file = "ptyprocess-0.6.0-py2.py3-none-any.whl", hash = "sha256:d7cc528d76e76342423ca640335bd3633420dc1366f258cb31d05e865ef5ca1f"},
    {file = "ptyprocess-0.6.0.tar.gz", hash = "sha256:923f299cc5ad920c68f2bc0bc98b75b9f838b93b599941a6b63ddbc2476394c0"},
]
pyasn1 = [
    {file = "pyasn1-0.4.8-py2.4.egg", hash = "sha256:fec3e9d8e36808a28efb59b489e4528c10ad0f480e57dcc32b4de5c9d8c9fdf3"},
    {file = "pyasn1-0.4.8-py2.5.egg", hash = "sha256:0458773cfe65b153891ac249bcf1b5f8f320b7c2ce462151f8fa74de8934becf"},
    {file = "pyasn1-0.4.8-py2.6.egg", hash = "sha256:5c9414dcfede6e441f7e8f81b43b34e834731003427e5b09e4e00e3172a10f00"},
    {file = "pyasn1-0.4.8-py2.7.egg", hash = "sha256:6e7545f1a61025a4e58bb336952c5061697da694db1cae97b116e9c46abcf7c8"},
    {file = "pyasn1-0.4.8-py2.py3-none-any.whl", hash = "sha256:39c7e2ec30515947ff4e87fb6f456dfc6e84857d34be479c9d4a4ba4bf46aa5d"},
    {file = "pyasn1-0.4.8-py3.1.egg", hash = "sha256:78fa6da68ed2727915c4767bb386ab32cdba863caa7dbe473eaae45f9959da86"},
    {file = "pyasn1-0.4.8-py3.2.egg", hash = "sha256:08c3c53b75eaa48d71cf8c710312316392ed40899cb34710d092e96745a358b7"},
    {file = "pyasn1-0.4.8-py3.3.egg", hash = "sha256:03840c999ba71680a131cfaee6fab142e1ed9bbd9c693e285cc6aca0d555e576"},
    {file = "pyasn1-0.4.8-py3.4.egg", hash = "sha256:7ab8a544af125fb704feadb008c99a88805126fb525280b2270bb25cc1d78a12"},
    {file = "pyasn1-0.4.8-py3.5.egg", hash = "sha256:e89bf84b5437b532b0803ba5c9a5e054d21fec423a89952a74f87fa2c9b7bce2"},
    {file = "pyasn1-0.4.8-py3.6.egg", hash = "sha256:014c0e9976956a08139dc0712ae195324a75e142284d5f87f1a87ee1b068a359"},
    {file = "pyasn1-0.4.8-py3.7.egg", hash = "sha256:99fcc3c8d804d1bc6d9a099921e39d827026409a58f2a720dcdb89374ea0c776"},
    {file = "pyasn1-0.4.8.tar.gz", hash = "sha256:aef77c9fb94a3ac588e87841208bdec464471d9871bd5050a287cc9a475cd0ba"},
]
pyasn1-modules = [
    {file = "pyasn1-modules-0.2.8.tar.gz", hash = "sha256:905f84c712230b2c592c19470d3ca8d552de726050d1d1716282a1f6146be65e"},
    {file = "pyasn1_modules-0.2.8-py2.4.egg", hash = "sha256:0fe1b68d1e486a1ed5473f1302bd991c1611d319bba158e98b106ff86e1d7199"},
    {file = "pyasn1_modules-0.2.8-py2.5.egg", hash = "sha256:fe0644d9ab041506b62782e92b06b8c68cca799e1a9636ec398675459e031405"},
    {file = "pyasn1_modules-0.2.8-py2.6.egg", hash = "sha256:a99324196732f53093a84c4369c996713eb8c89d360a496b599fb1a9c47fc3eb"},
    {file = "pyasn1_modules-0.2.8-py2.7.egg", hash = "sha256:0845a5582f6a02bb3e1bde9ecfc4bfcae6ec3210dd270522fee602365430c3f8"},
    {file = "pyasn1_modules-0.2.8-py2.py3-none-any.whl", hash = "sha256:a50b808ffeb97cb3601dd25981f6b016cbb3d31fbf57a8b8a87428e6158d0c74"},
    {file = "pyasn1_modules-0.2.8-py3.1.egg", hash = "sha256:f39edd8c4ecaa4556e989147ebf219227e2cd2e8a43c7e7fcb1f1c18c5fd6a3d"},
    {file = "pyasn1_modules-0.2.8-py3.2.egg", hash = "sha256:b80486a6c77252ea3a3e9b1e360bc9cf28eaac41263d173c032581ad2f20fe45"},
    {file = "pyasn1_modules-0.2.8-py3.3.egg", hash = "sha256:65cebbaffc913f4fe9e4808735c95ea22d7a7775646ab690518c056784bc21b4"},
    {file = "pyasn1_modules-0.2.8-py3.4.egg", hash = "sha256:15b7c67fabc7fc240d87fb9aabf999cf82311a6d6fb2c70d00d3d0604878c811"},
    {file = "pyasn1_modules-0.2.8-py3.5.egg", hash = "sha256:426edb7a5e8879f1ec54a1864f16b882c2837bfd06eee62f2c982315ee2473ed"},
    {file = "pyasn1_modules-0.2.8-py3.6.egg", hash = "sha256:cbac4bc38d117f2a49aeedec4407d23e8866ea4ac27ff2cf7fb3e5b570df19e0"},
    {file = "pyasn1_modules-0.2.8-py3.7.egg", hash = "sha256:c29a5e5cc7a3f05926aff34e097e84f8589cd790ce0ed41b67aed6857b26aafd"},
]
pycparser = [
    {file = "pycparser-2.20-py2.py3-none-any.whl", hash = "sha256:7582ad22678f0fcd81102833f60ef8d0e57288b6b5fb00323d101be910e35705"},
    {file = "pycparser-2.20.tar.gz", hash = "sha256:2d475327684562c3a96cc71adf7dc8c4f0565175cf86b6d7a404ff4c771f15f0"},
]
pydispatcher = [
    {file = "PyDispatcher-2.0.5.tar.gz", hash = "sha256:5570069e1b1769af1fe481de6dd1d3a388492acddd2cdad7a3bde145615d5caf"},
    {file = "PyDispatcher-2.0.5.zip", hash = "sha256:5be4a8be12805ef7d712dd9a93284fb8bc53f309867e573f653a72e5fd10e433"},
]
pygments = [
    {file = "Pygments-2.6.1-py3-none-any.whl", hash = "sha256:ff7a40b4860b727ab48fad6360eb351cc1b33cbf9b15a0f689ca5353e9463324"},
    {file = "Pygments-2.6.1.tar.gz", hash = "sha256:647344a061c249a3b74e230c739f434d7ea4d8b1d5f3721bc0f3558049b38f44"},
]
pyhamcrest = [
    {file = "PyHamcrest-2.0.2-py3-none-any.whl", hash = "sha256:7ead136e03655af85069b6f47b23eb7c3e5c221aa9f022a4fbb499f5b7308f29"},
    {file = "PyHamcrest-2.0.2.tar.gz", hash = "sha256:412e00137858f04bde0729913874a48485665f2d36fe9ee449f26be864af9316"},
]
pyopenssl = [
    {file = "pyOpenSSL-19.1.0-py2.py3-none-any.whl", hash = "sha256:621880965a720b8ece2f1b2f54ea2071966ab00e2970ad2ce11d596102063504"},
    {file = "pyOpenSSL-19.1.0.tar.gz", hash = "sha256:9a24494b2602aaf402be5c9e30a0b82d4a5c67528fe8fb475e3f3bc00dd69507"},
]
pypydispatcher = [
    {file = "PyPyDispatcher-2.1.2.tar.gz", hash = "sha256:b6bec5dfcff9d2535bca2b23c80eae367b1ac250a645106948d315fcfa9130f2"},
]
pytz = [
    {file = "pytz-2020.1-py2.py3-none-any.whl", hash = "sha256:a494d53b6d39c3c6e44c3bec237336e14305e4f29bbf800b599253057fbb79ed"},
    {file = "pytz-2020.1.tar.gz", hash = "sha256:c35965d010ce31b23eeb663ed3cc8c906275d6be1a34393a1d73a41febf4a048"},
]
queuelib = [
    {file = "queuelib-1.5.0-py2.py3-none-any.whl", hash = "sha256:ff43b5b74b9266f8df4232a8f768dc4d67281a271905e2ed4a3689d4d304cd02"},
    {file = "queuelib-1.5.0.tar.gz", hash = "sha256:42b413295551bdc24ed9376c1a2cd7d0b1b0fa4746b77b27ca2b797a276a1a17"},
]
scrapy = [
    {file = "Scrapy-2.2.1-py2.py3-none-any.whl", hash = "sha256:d9d898739f199bd9f9e2258770d5bfeeb754b6ed4eb84a41c04fd52e9649266d"},
    {file = "Scrapy-2.2.1.tar.gz", hash = "sha256:6a09beb5190bfdee2d72cf261822eae5d92fe8a86ac9ee1f55fc44b4864ca583"},
]
service-identity = [
    {file = "service_identity-18.1.0-py2.py3-none-any.whl", hash = "sha256:001c0707759cb3de7e49c078a7c0c9cd12594161d3bf06b9c254fdcb1a60dc36"},
    {file = "service_identity-18.1.0.tar.gz", hash = "sha256:0858a54aabc5b459d1aafa8a518ed2081a285087f349fe3e55197989232e2e2d"},
]
six = [
    {file = "six-1.15.0-py2.py3-none-any.whl", hash = "sha256:8b74bedcbbbaca38ff6d7491d76f2b06b3592611af620f8426e82dddb04a5ced"},
    {file = "six-1.15.0.tar.gz", hash = "sha256:30639c035cdb23534cd4aa2dd52c3bf48f06e5f4a941509c8bafd8ce11080259"},
]
sqlparse = [
    {file = "sqlparse-0.3.1-py2.py3-none-any.whl", hash = "sha256:022fb9c87b524d1f7862b3037e541f68597a730a8843245c349fc93e1643dc4e"},
    {file = "sqlparse-0.3.1.tar.gz", hash = "sha256:e162203737712307dfe78860cc56c8da8a852ab2ee33750e33aeadf38d12c548"},
]
traitlets = [
    {file = "traitlets-4.3.3-py2.py3-none-any.whl", hash = "sha256:70b4c6a1d9019d7b4f6846832288f86998aa3b9207c6821f3578a6a6a467fe44"},
    {file = "traitlets-4.3.3.tar.gz", hash = "sha256:d023ee369ddd2763310e4c3eae1ff649689440d4ae59d7485eb4cfbbe3e359f7"},
]
twisted = [
    {file = "Twisted-20.3.0-cp27-cp27m-macosx_10_6_intel.whl", hash = "sha256:cdbc4c7f0cd7a2218b575844e970f05a1be1861c607b0e048c9bceca0c4d42f7"},
    {file = "Twisted-20.3.0-cp27-cp27m-manylinux1_i686.whl", hash = "sha256:d267125cc0f1e8a0eed6319ba4ac7477da9b78a535601c49ecd20c875576433a"},
    {file = "Twisted-20.3.0-cp27-cp27m-manylinux1_x86_64.whl", hash = "sha256:356e8d8dd3590e790e3dba4db139eb8a17aca64b46629c622e1b1597a4a92478"},
    {file = "Twisted-20.3.0-cp27-cp27m-win32.whl", hash = "sha256:ca3a0b8c9110800e576d89b5337373e52018b41069bc879f12fa42b7eb2d0274"},
    {file = "Twisted-20.3.0-cp27-cp27m-win_amd64.whl", hash = "sha256:cd1dc5c85b58494138a3917752b54bb1daa0045d234b7c132c37a61d5483ebad"},
    {file = "Twisted-20.3.0-cp27-cp27mu-manylinux1_i686.whl", hash = "sha256:94ac3d55a58c90e2075c5fe1853f2aa3892b73e3bf56395f743aefde8605eeaa"},
    {file = "Twisted-20.3.0-cp27-cp27mu-manylinux1_x86_64.whl", hash = "sha256:7408c6635ee1b96587289283ebe90ee15dbf9614b05857b446055116bc822d29"},
    {file = "Twisted-20.3.0-cp35-cp35m-macosx_10_6_intel.whl", hash = "sha256:c09c47ff9750a8e3aa60ad169c4b95006d455a29b80ad0901f031a103b2991cd"},
    {file = "Twisted-20.3.0-cp35-cp35m-manylinux1_i686.whl", hash = "sha256:158ddb80719a4813d292293ac44ba41d8b56555ed009d90994a278237ee63d2c"},
    {file = "Twisted-20.3.0-cp35-cp35m-manylinux1_x86_64.whl", hash = "sha256:040eb6641125d2a9a09cf198ec7b83dd8858c6f51f6770325ed9959c00f5098f"},
    {file = "Twisted-20.3.0-cp35-cp35m-win32.whl", hash = "sha256:147780b8caf21ba2aef3688628eaf13d7e7fe02a86747cd54bfaf2140538f042"},
    {file = "Twisted-20.3.0-cp35-cp35m-win_amd64.whl", hash = "sha256:25ffcf37944bdad4a99981bc74006d735a678d2b5c193781254fbbb6d69e3b22"},
    {file = "Twisted-20.3.0-cp36-cp36m-macosx_10_6_intel.whl", hash = "sha256:a58e61a2a01e5bcbe3b575c0099a2bcb8d70a75b1a087338e0c48dd6e01a5f15"},
    {file = "Twisted-20.3.0-cp36-cp36m-manylinux1_i686.whl", hash = "sha256:7c547fd0215db9da8a1bc23182b309e84a232364cc26d829e9ee196ce840b114"},
    {file = "Twisted-20.3.0-cp36-cp36m-manylinux1_x86_64.whl", hash = "sha256:2182000d6ffc05d269e6c03bfcec8b57e20259ca1086180edaedec3f1e689292"},
    {file = "Twisted-20.3.0-cp36-cp36m-win32.whl", hash = "sha256:70952c56e4965b9f53b180daecf20a9595cf22b8d0935cd3bd664c90273c3ab2"},
    {file = "Twisted-20.3.0-cp36-cp36m-win_amd64.whl", hash = "sha256:3281d9ce889f7b21bdb73658e887141aa45a102baf3b2320eafcfba954fcefec"},
    {file = "Twisted-20.3.0-cp37-cp37m-macosx_10_6_intel.whl", hash = "sha256:e92703bed0cc21d6cb5c61d66922b3b1564015ca8a51325bd164a5e33798d504"},
    {file = "Twisted-20.3.0-cp37-cp37m-manylinux1_i686.whl", hash = "sha256:f058bd0168271de4dcdc39845b52dd0a4a2fecf5f1246335f13f5e96eaebb467"},
    {file = "Twisted-20.3.0-cp37-cp37m-manylinux1_x86_64.whl", hash = "sha256:894f6f3cfa57a15ea0d0714e4283913a5f2511dbd18653dd148eba53b3919797"},
    {file = "Twisted-20.3.0-cp37-cp37m-win32.whl", hash = "sha256:f3c19e5bd42bbe4bf345704ad7c326c74d3fd7a1b3844987853bef180be638d4"},
    {file = "Twisted-20.3.0-cp37-cp37m-win_amd64.whl", hash = "sha256:d95803193561a243cb0401b0567c6b7987d3f2a67046770e1dccd1c9e49a9780"},
    {file = "Twisted-20.3.0.tar.bz2", hash = "sha256:d72c55b5d56e176563b91d11952d13b01af8725c623e498db5507b6614fc1e10"},
]
w3lib = [
    {file = "w3lib-1.22.0-py2.py3-none-any.whl", hash = "sha256:0161d55537063e00d95a241663ede3395c4c6d7b777972ba2fd58bbab2001e53"},
    {file = "w3lib-1.22.0.tar.gz", hash = "sha256:0ad6d0203157d61149fd45aaed2e24f53902989c32fc1dccc2e2bfba371560df"},
]
wcwidth = [
    {file = "wcwidth-0.2.5-py2.py3-none-any.whl", hash = "sha256:beb4802a9cebb9144e99086eff703a642a13d6a0052920003a230f3294bbe784"},
    {file = "wcwidth-0.2.5.tar.gz", hash = "sha256:c4d647b99872929fdb7bdcaa4fbe7f01413ed3d98077df798530e5b04f116c83"},
]
"zope.interface" = [
    {file = "zope.interface-5.1.0-cp27-cp27m-macosx_10_9_x86_64.whl", hash = "sha256:645a7092b77fdbc3f68d3cc98f9d3e71510e419f54019d6e282328c0dd140dcd"},
    {file = "zope.interface-5.1.0-cp27-cp27m-manylinux1_i686.whl", hash = "sha256:d1fe9d7d09bb07228650903d6a9dc48ea649e3b8c69b1d263419cc722b3938e8"},
    {file = "zope.interface-5.1.0-cp27-cp27m-manylinux1_x86_64.whl", hash = "sha256:a744132d0abaa854d1aad50ba9bc64e79c6f835b3e92521db4235a1991176813"},
    {file = "zope.interface-5.1.0-cp27-cp27m-manylinux2010_i686.whl", hash = "sha256:461d4339b3b8f3335d7e2c90ce335eb275488c587b61aca4b305196dde2ff086"},
    {file = "zope.interface-5.1.0-cp27-cp27m-manylinux2010_x86_64.whl", hash = "sha256:269b27f60bcf45438e8683269f8ecd1235fa13e5411de93dae3b9ee4fe7f7bc7"},
    {file = "zope.interface-5.1.0-cp27-cp27m-win32.whl", hash = "sha256:6874367586c020705a44eecdad5d6b587c64b892e34305bb6ed87c9bbe22a5e9"},
    {file = "zope.interface-5.1.0-cp27-cp27m-win_amd64.whl", hash = "sha256:8149ded7f90154fdc1a40e0c8975df58041a6f693b8f7edcd9348484e9dc17fe"},
    {file = "zope.interface-5.1.0-cp27-cp27mu-manylinux1_i686.whl", hash = "sha256:0103cba5ed09f27d2e3de7e48bb320338592e2fabc5ce1432cf33808eb2dfd8b"},
    {file = "zope.interface-5.1.0-cp27-cp27mu-manylinux1_x86_64.whl", hash = "sha256:b0becb75418f8a130e9d465e718316cd17c7a8acce6fe8fe07adc72762bee425"},
    {file = "zope.interface-5.1.0-cp27-cp27mu-manylinux2010_i686.whl", hash = "sha256:fb55c182a3f7b84c1a2d6de5fa7b1a05d4660d866b91dbf8d74549c57a1499e8"},
    {file = "zope.interface-5.1.0-cp27-cp27mu-manylinux2010_x86_64.whl", hash = "sha256:4f98f70328bc788c86a6a1a8a14b0ea979f81ae6015dd6c72978f1feff70ecda"},
    {file = "zope.interface-5.1.0-cp35-cp35m-macosx_10_6_intel.whl", hash = "sha256:af2c14efc0bb0e91af63d00080ccc067866fb8cbbaca2b0438ab4105f5e0f08d"},
    {file = "zope.interface-5.1.0-cp35-cp35m-manylinux1_i686.whl", hash = "sha256:f68bf937f113b88c866d090fea0bc52a098695173fc613b055a17ff0cf9683b6"},
    {file = "zope.interface-5.1.0-cp35-cp35m-manylinux1_x86_64.whl", hash = "sha256:d7804f6a71fc2dda888ef2de266727ec2f3915373d5a785ed4ddc603bbc91e08"},
    {file = "zope.interface-5.1.0-cp35-cp35m-manylinux2010_i686.whl", hash = "sha256:74bf0a4f9091131de09286f9a605db449840e313753949fe07c8d0fe7659ad1e"},
    {file = "zope.interface-5.1.0-cp35-cp35m-manylinux2010_x86_64.whl", hash = "sha256:ba4261c8ad00b49d48bbb3b5af388bb7576edfc0ca50a49c11dcb77caa1d897e"},
    {file = "zope.interface-5.1.0-cp35-cp35m-win32.whl", hash = "sha256:ebb4e637a1fb861c34e48a00d03cffa9234f42bef923aec44e5625ffb9a8e8f9"},
    {file = "zope.interface-5.1.0-cp35-cp35m-win_amd64.whl", hash = "sha256:911714b08b63d155f9c948da2b5534b223a1a4fc50bb67139ab68b277c938578"},
    {file = "zope.interface-5.1.0-cp36-cp36m-macosx_10_6_intel.whl", hash = "sha256:e74671e43ed4569fbd7989e5eecc7d06dc134b571872ab1d5a88f4a123814e9f"},
    {file = "zope.interface-5.1.0-cp36-cp36m-manylinux1_i686.whl", hash = "sha256:b1d2ed1cbda2ae107283befd9284e650d840f8f7568cb9060b5466d25dc48975"},
    {file = "zope.interface-5.1.0-cp36-cp36m-manylinux1_x86_64.whl", hash = "sha256:ef739fe89e7f43fb6494a43b1878a36273e5924869ba1d866f752c5812ae8d58"},
    {file = "zope.interface-5.1.0-cp36-cp36m-manylinux2010_i686.whl", hash = "sha256:eb9b92f456ff3ec746cd4935b73c1117538d6124b8617bc0fe6fda0b3816e345"},
    {file = "zope.interface-5.1.0-cp36-cp36m-manylinux2010_x86_64.whl", hash = "sha256:dcefc97d1daf8d55199420e9162ab584ed0893a109f45e438b9794ced44c9fd0"},
    {file = "zope.interface-5.1.0-cp36-cp36m-win32.whl", hash = "sha256:f40db0e02a8157d2b90857c24d89b6310f9b6c3642369852cdc3b5ac49b92afc"},
    {file = "zope.interface-5.1.0-cp36-cp36m-win_amd64.whl", hash = "sha256:14415d6979356629f1c386c8c4249b4d0082f2ea7f75871ebad2e29584bd16c5"},
    {file = "zope.interface-5.1.0-cp37-cp37m-macosx_10_9_x86_64.whl", hash = "sha256:5e86c66a6dea8ab6152e83b0facc856dc4d435fe0f872f01d66ce0a2131b7f1d"},
    {file = "zope.interface-5.1.0-cp37-cp37m-manylinux1_i686.whl", hash = "sha256:39106649c3082972106f930766ae23d1464a73b7d30b3698c986f74bf1256a34"},
    {file = "zope.interface-5.1.0-cp37-cp37m-manylinux1_x86_64.whl", hash = "sha256:8cccf7057c7d19064a9e27660f5aec4e5c4001ffcf653a47531bde19b5aa2a8a"},
    {file = "zope.interface-5.1.0-cp37-cp37m-manylinux2010_i686.whl", hash = "sha256:562dccd37acec149458c1791da459f130c6cf8902c94c93b8d47c6337b9fb826"},
    {file = "zope.interface-5.1.0-cp37-cp37m-manylinux2010_x86_64.whl", hash = "sha256:da2844fba024dd58eaa712561da47dcd1e7ad544a257482392472eae1c86d5e5"},
    {file = "zope.interface-5.1.0-cp37-cp37m-win32.whl", hash = "sha256:1ae4693ccee94c6e0c88a4568fb3b34af8871c60f5ba30cf9f94977ed0e53ddd"},
    {file = "zope.interface-5.1.0-cp37-cp37m-win_amd64.whl", hash = "sha256:dd98c436a1fc56f48c70882cc243df89ad036210d871c7427dc164b31500dc11"},
    {file = "zope.interface-5.1.0-cp38-cp38-macosx_10_9_x86_64.whl", hash = "sha256:1b87ed2dc05cb835138f6a6e3595593fea3564d712cb2eb2de963a41fd35758c"},
    {file = "zope.interface-5.1.0-cp38-cp38-manylinux1_i686.whl", hash = "sha256:558a20a0845d1a5dc6ff87cd0f63d7dac982d7c3be05d2ffb6322a87c17fa286"},
    {file = "zope.interface-5.1.0-cp38-cp38-manylinux1_x86_64.whl", hash = "sha256:7b726194f938791a6691c7592c8b9e805fc6d1b9632a833b9c0640828cd49cbc"},
    {file = "zope.interface-5.1.0-cp38-cp38-manylinux2010_i686.whl", hash = "sha256:60a207efcd8c11d6bbeb7862e33418fba4e4ad79846d88d160d7231fcb42a5ee"},
    {file = "zope.interface-5.1.0-cp38-cp38-manylinux2010_x86_64.whl", hash = "sha256:b054eb0a8aa712c8e9030065a59b5e6a5cf0746ecdb5f087cca5ec7685690c19"},
    {file = "zope.interface-5.1.0-cp38-cp38-win32.whl", hash = "sha256:27d287e61639d692563d9dab76bafe071fbeb26818dd6a32a0022f3f7ca884b5"},
    {file = "zope.interface-5.1.0-cp38-cp38-win_amd64.whl", hash = "sha256:a5f8f85986197d1dd6444763c4a15c991bfed86d835a1f6f7d476f7198d5f56a"},
    {file = "zope.interface-5.1.0.tar.gz", hash = "sha256:40e4c42bd27ed3c11b2c983fecfb03356fae1209de10686d03c02c8696a1d90e"},
]
